
Microsoft Visual Studio Solution File, Format Version 12.00
# Visual Studio 15
VisualStudioVersion = 15.0.28307.271
MinimumVisualStudioVersion = 10.0.40219.1
Project("{FAE04EC0-301F-11D3-BF4B-00C04F79EFBC}") = "IlkMvcSayfam", "IlkMvcSayfam\IlkMvcSayfam.csproj", "{1D331CB2-80A7-4E42-BF41-257407ED4675}"
EndProject
Project("{2150E333-8FDC-42A3-9474-1A3956D46DE8}") = "Ders2", "Ders2", "{CD961174-C8DB-4FEB-BEEA-B518A14B4557}"
EndProject
Project("{FAE04EC0-301F-11D3-BF4B-00C04F79EFBC}") = "AjaxIslemleri", "AjaxIslemleri\AjaxIslemleri.csproj", "{C1EACC4B-C940-42A5-8B4C-2F8EEB211166}"
EndProject
Project("{2150E333-8FDC-42A3-9474-1A3956D46DE8}") = "Ders3", "Ders3", "{06CF1A91-CD9E-418F-ADF1-866336599B3A}"
EndProject
Project("{FAE04EC0-301F-11D3-BF4B-00C04F79EFBC}") = "Layout", "Layout\Layout.csproj", "{D461E93B-6BA4-4762-B185-3D3D17C6AF17}"
EndProject
Project("{2150E333-8FDC-42A3-9474-1A3956D46DE8}") = "Ders1", "Ders1", "{1C74F0D7-B55F-40E9-B880-3D28B33C76D3}"
EndProject
Project("{FAE04EC0-301F-11D3-BF4B-00C04F79EFBC}") = "WebSiteProjects", "WebSiteProjects\WebSiteProjects.csproj", "{AAADD814-DBF8-4B45-A8EB-F32E7DF56D6A}"
EndProject
Project("{2150E333-8FDC-42A3-9474-1A3956D46DE8}") = "Ders4", "Ders4", "{0D5712B2-823F-4176-900C-51F8EE01878B}"
EndProject
Project("{2150E333-8FDC-42A3-9474-1A3956D46DE8}") = "Proje", "Proje", "{C3BCB8EA-6201-4B07-907D-97990A716984}"
EndProject
Project("{2150E333-8FDC-42A3-9474-1A3956D46DE8}") = "Tema", "Tema", "{C0E25B0E-AC08-4086-BE6B-E2343061B415}"
EndProject
Project("{FAE04EC0-301F-11D3-BF4B-00C04F79EFBC}") = "Admin.Tema1", "Admin.Tema1\Admin.Tema1.csproj", "{F9C99A4C-0093-47BF-986D-EBABD6125D5B}"
EndProject
Project("{FAE04EC0-301F-11D3-BF4B-00C04F79EFBC}") = "Admin.Web.UI", "Admin.Web.UI\Admin.Web.UI.csproj", "{597EF9DB-E480-4D9F-B2EE-4A3F6B7598C1}"
EndProject
Project("{FAE04EC0-301F-11D3-BF4B-00C04F79EFBC}") = "Admin.DAL", "Admin.DAL\Admin.DAL.csproj", "{153A5EEF-55B1-424F-B1D8-D4572CE944FC}"
EndProject
Project("{FAE04EC0-301F-11D3-BF4B-00C04F79EFBC}") = "Admin.BLL", "Admin.BLL\Admin.BLL.csproj", "{1EDBF74A-9281-4939-85A1-7B1F6B45CADB}"
EndProject
Project("{FAE04EC0-301F-11D3-BF4B-00C04F79EFBC}") = "Admin.Models", "Admin.Models\Admin.Models.csproj", "{21B25E6B-9CE4-48B2-A6E4-577C79F0C228}"
EndProject
Global
	GlobalSection(SolutionConfigurationPlatforms) = preSolution
		Debug|Any CPU = Debug|Any CPU
		Release|Any CPU = Release|Any CPU
	EndGlobalSection
	GlobalSection(ProjectConfigurationPlatforms) = postSolution
		{1D331CB2-80A7-4E42-BF41-257407ED4675}.Debug|Any CPU.ActiveCfg = Debug|Any CPU
		{1D331CB2-80A7-4E42-BF41-257407ED4675}.Debug|Any CPU.Build.0 = Debug|Any CPU
		{1D331CB2-80A7-4E42-BF41-257407ED4675}.Release|Any CPU.ActiveCfg = Release|Any CPU
		{1D331CB2-80A7-4E42-BF41-257407ED4675}.Release|Any CPU.Build.0 = Release|Any CPU
		{C1EACC4B-C940-42A5-8B4C-2F8EEB211166}.Debug|Any CPU.ActiveCfg = Debug|Any CPU
		{C1EACC4B-C940-42A5-8B4C-2F8EEB211166}.Debug|Any CPU.Build.0 = Debug|Any CPU
		{C1EACC4B-C940-42A5-8B4C-2F8EEB211166}.Release|Any CPU.ActiveCfg = Release|Any CPU
		{C1EACC4B-C940-42A5-8B4C-2F8EEB211166}.Release|Any CPU.Build.0 = Release|Any CPU
		{D461E93B-6BA4-4762-B185-3D3D17C6AF17}.Debug|Any CPU.ActiveCfg = Debug|Any CPU
		{D461E93B-6BA4-4762-B185-3D3D17C6AF17}.Debug|Any CPU.Build.0 = Debug|Any CPU
		{D461E93B-6BA4-4762-B185-3D3D17C6AF17}.Release|Any CPU.ActiveCfg = Release|Any CPU
		{D461E93B-6BA4-4762-B185-3D3D17C6AF17}.Release|Any CPU.Build.0 = Release|Any CPU
		{AAADD814-DBF8-4B45-A8EB-F32E7DF56D6A}.Debug|Any CPU.ActiveCfg = Debug|Any CPU
		{AAADD814-DBF8-4B45-A8EB-F32E7DF56D6A}.Debug|Any CPU.Build.0 = Debug|Any CPU
		{AAADD814-DBF8-4B45-A8EB-F32E7DF56D6A}.Release|Any CPU.ActiveCfg = Release|Any CPU
		{AAADD814-DBF8-4B45-A8EB-F32E7DF56D6A}.Release|Any CPU.Build.0 = Release|Any CPU
		{F9C99A4C-0093-47BF-986D-EBABD6125D5B}.Debug|Any CPU.ActiveCfg = Debug|Any CPU
		{F9C99A4C-0093-47BF-986D-EBABD6125D5B}.Debug|Any CPU.Build.0 = Debug|Any CPU
		{F9C99A4C-0093-47BF-986D-EBABD6125D5B}.Release|Any CPU.ActiveCfg = Release|Any CPU
		{F9C99A4C-0093-47BF-986D-EBABD6125D5B}.Release|Any CPU.Build.0 = Release|Any CPU
		{597EF9DB-E480-4D9F-B2EE-4A3F6B7598C1}.Debug|Any CPU.ActiveCfg = Debug|Any CPU
		{597EF9DB-E480-4D9F-B2EE-4A3F6B7598C1}.Debug|Any CPU.Build.0 = Debug|Any CPU
		{597EF9DB-E480-4D9F-B2EE-4A3F6B7598C1}.Release|Any CPU.ActiveCfg = Release|Any CPU
		{597EF9DB-E480-4D9F-B2EE-4A3F6B7598C1}.Release|Any CPU.Build.0 = Release|Any CPU
		{153A5EEF-55B1-424F-B1D8-D4572CE944FC}.Debug|Any CPU.ActiveCfg = Debug|Any CPU
		{153A5EEF-55B1-424F-B1D8-D4572CE944FC}.Debug|Any CPU.Build.0 = Debug|Any CPU
		{153A5EEF-55B1-424F-B1D8-D4572CE944FC}.Release|Any CPU.ActiveCfg = Release|Any CPU
		{153A5EEF-55B1-424F-B1D8-D4572CE944FC}.Release|Any CPU.Build.0 = Release|Any CPU
		{1EDBF74A-9281-4939-85A1-7B1F6B45CADB}.Debug|Any CPU.ActiveCfg = Debug|Any CPU
		{1EDBF74A-9281-4939-85A1-7B1F6B45CADB}.Debug|Any CPU.Build.0 = Debug|Any CPU
		{1EDBF74A-9281-4939-85A1-7B1F6B45CADB}.Release|Any CPU.ActiveCfg = Release|Any CPU
		{1EDBF74A-9281-4939-85A1-7B1F6B45CADB}.Release|Any CPU.Build.0 = Release|Any CPU
		{21B25E6B-9CE4-48B2-A6E4-577C79F0C228}.Debug|Any CPU.ActiveCfg = Debug|Any CPU
		{21B25E6B-9CE4-48B2-A6E4-577C79F0C228}.Debug|Any CPU.Build.0 = Debug|Any CPU
		{21B25E6B-9CE4-48B2-A6E4-577C79F0C228}.Release|Any CPU.ActiveCfg = Release|Any CPU
		{21B25E6B-9CE4-48B2-A6E4-577C79F0C228}.Release|Any CPU.Build.0 = Release|Any CPU
	EndGlobalSection
	GlobalSection(SolutionProperties) = preSolution
		HideSolutionNode = FALSE
	EndGlobalSection
	GlobalSection(NestedProjects) = preSolution
		{1D331CB2-80A7-4E42-BF41-257407ED4675} = {1C74F0D7-B55F-40E9-B880-3D28B33C76D3}
		{C1EACC4B-C940-42A5-8B4C-2F8EEB211166} = {CD961174-C8DB-4FEB-BEEA-B518A14B4557}
		{D461E93B-6BA4-4762-B185-3D3D17C6AF17} = {06CF1A91-CD9E-418F-ADF1-866336599B3A}
		{AAADD814-DBF8-4B45-A8EB-F32E7DF56D6A} = {06CF1A91-CD9E-418F-ADF1-866336599B3A}
		{C3BCB8EA-6201-4B07-907D-97990A716984} = {0D5712B2-823F-4176-900C-51F8EE01878B}
		{C0E25B0E-AC08-4086-BE6B-E2343061B415} = {0D5712B2-823F-4176-900C-51F8EE01878B}
		{F9C99A4C-0093-47BF-986D-EBABD6125D5B} = {C0E25B0E-AC08-4086-BE6B-E2343061B415}
		{597EF9DB-E480-4D9F-B2EE-4A3F6B7598C1} = {C3BCB8EA-6201-4B07-907D-97990A716984}
		{153A5EEF-55B1-424F-B1D8-D4572CE944FC} = {C3BCB8EA-6201-4B07-907D-97990A716984}
		{1EDBF74A-9281-4939-85A1-7B1F6B45CADB} = {C3BCB8EA-6201-4B07-907D-97990A716984}
		{21B25E6B-9CE4-48B2-A6E4-577C79F0C228} = {C3BCB8EA-6201-4B07-907D-97990A716984}
	EndGlobalSection
	GlobalSection(ExtensibilityGlobals) = postSolution
		SolutionGuid = {E6C2550A-4E85-4800-B9B4-9AFB5CF917E8}
	EndGlobalSection
EndGlobal
