
Microsoft Visual Studio Solution File, Format Version 12.00
# Visual Studio 15
VisualStudioVersion = 15.0.28307.271
MinimumVisualStudioVersion = 10.0.40219.1
Project("{FAE04EC0-301F-11D3-BF4B-00C04F79EFBC}") = "IlkMvcSayfam", "IlkMvcSayfam\IlkMvcSayfam.csproj", "{1D331CB2-80A7-4E42-BF41-257407ED4675}"
EndProject
Project("{2150E333-8FDC-42A3-9474-1A3956D46DE8}") = "Ders2", "Ders2", "{CD961174-C8DB-4FEB-BEEA-B518A14B4557}"
EndProject
Project("{FAE04EC0-301F-11D3-BF4B-00C04F79EFBC}") = "AjaxIslemleri", "AjaxIslemleri\AjaxIslemleri.csproj", "{C1EACC4B-C940-42A5-8B4C-2F8EEB211166}"
EndProject
Project("{2150E333-8FDC-42A3-9474-1A3956D46DE8}") = "Ders3", "Ders3", "{06CF1A91-CD9E-418F-ADF1-866336599B3A}"
EndProject
Project("{FAE04EC0-301F-11D3-BF4B-00C04F79EFBC}") = "Layout", "Layout\Layout.csproj", "{D461E93B-6BA4-4762-B185-3D3D17C6AF17}"
EndProject
Project("{2150E333-8FDC-42A3-9474-1A3956D46DE8}") = "Ders1", "Ders1", "{1C74F0D7-B55F-40E9-B880-3D28B33C76D3}"
EndProject
Project("{FAE04EC0-301F-11D3-BF4B-00C04F79EFBC}") = "WebSiteProjects", "WebSiteProjects\WebSiteProjects.csproj", "{AAADD814-DBF8-4B45-A8EB-F32E7DF56D6A}"
EndProject
Project("{2150E333-8FDC-42A3-9474-1A3956D46DE8}") = "Ders4", "Ders4", "{0D5712B2-823F-4176-900C-51F8EE01878B}"
EndProject
Project("{2150E333-8FDC-42A3-9474-1A3956D46DE8}") = "Proje", "Proje", "{C3BCB8EA-6201-4B07-907D-97990A716984}"
EndProject
Project("{2150E333-8FDC-42A3-9474-1A3956D46DE8}") = "Tema", "Tema", "{C0E25B0E-AC08-4086-BE6B-E2343061B415}"
EndProject
Project("{FAE04EC0-301F-11D3-BF4B-00C04F79EFBC}") = "Admin.Tema1", "Admin.Tema1\Admin.Tema1.csproj", "{F9C99A4C-0093-47BF-986D-EBABD6125D5B}"
EndProject
Project("{FAE04EC0-301F-11D3-BF4B-00C04F79EFBC}") = "Admin.Web.UI", "Admin.Web.UI\Admin.Web.UI.csproj", "{597EF9DB-E480-4D9F-B2EE-4A3F6B7598C1}"
EndProject
Project("{FAE04EC0-301F-11D3-BF4B-00C04F79EFBC}") = "Admin.DAL", "Admin.DAL\Admin.DAL.csproj", "{153A5EEF-55B1-424F-B1D8-D4572CE944FC}"
EndProject
Project("{FAE04EC0-301F-11D3-BF4B-00C04F79EFBC}") = "Admin.BLL", "Admin.BLL\Admin.BLL.csproj", "{1EDBF74A-9281-4939-85A1-7B1F6B45CADB}"
EndProject
Project("{FAE04EC0-301F-11D3-BF4B-00C04F79EFBC}") = "Admin.Models", "Admin.Models\Admin.Models.csproj", "{21B25E6B-9CE4-48B2-A6E4-577C79F0C228}"
EndProject
Project("{2150E333-8FDC-42A3-9474-1A3956D46DE8}") = "MyWebSite", "MyWebSite", "{5CC00909-09D5-4E4C-ADB7-718F10D3DEE4}"
EndProject
Project("{FAE04EC0-301F-11D3-BF4B-00C04F79EFBC}") = "MyWebSite2", "MyWebSite2\MyWebSite2.csproj", "{C72BBE90-4ABB-4457-B34C-3ECDF1CAA11F}"
EndProject
Project("{FAE04EC0-301F-11D3-BF4B-00C04F79EFBC}") = "MyWebSite2.DAL", "MyWebSite2.DAL\MyWebSite2.DAL.csproj", "{8F332F98-9DE8-45BB-88E5-26821AFA1E5C}"
EndProject
Project("{FAE04EC0-301F-11D3-BF4B-00C04F79EFBC}") = "MyWebSite2.BLL", "MyWebSite2.BLL\MyWebSite2.BLL.csproj", "{75FCCB4A-376E-44C8-9D43-31B4066652D6}"
EndProject
Project("{2150E333-8FDC-42A3-9474-1A3956D46DE8}") = "Ders5", "Ders5", "{394AF65D-D01C-4406-9998-B73382081E3D}"
EndProject
Project("{FAE04EC0-301F-11D3-BF4B-00C04F79EFBC}") = "Kuzel.DAL", "Kuzel.DAL\Kuzel.DAL.csproj", "{3587FB62-5A18-41E3-8221-FBB657FB9ADE}"
EndProject
Project("{FAE04EC0-301F-11D3-BF4B-00C04F79EFBC}") = "Kuzel.BLL", "Kuzel.BLL\Kuzel.BLL.csproj", "{5CD7A83C-34D4-4AE0-BB7E-6E01E43B8D58}"
EndProject
Project("{FAE04EC0-301F-11D3-BF4B-00C04F79EFBC}") = "Kuzel.Models", "Kuzel.Models\Kuzel.Models.csproj", "{5FE5E133-99DB-4D1C-B489-D657FF155CCA}"
EndProject
Project("{FAE04EC0-301F-11D3-BF4B-00C04F79EFBC}") = "Kuzey", "Kuzey\Kuzey.csproj", "{6613DC9C-6663-4DFA-AEF4-B91E6B71E660}"
EndProject
Project("{2150E333-8FDC-42A3-9474-1A3956D46DE8}") = "Ders6", "Ders6", "{48AC78EE-4139-49EB-A39E-978D268EEBDA}"
EndProject
Project("{FAE04EC0-301F-11D3-BF4B-00C04F79EFBC}") = "AreaKullanimi", "AreaKullanimi\AreaKullanimi.csproj", "{40DC1C7C-06A8-406A-B266-6A20D38A3DF3}"
EndProject
Project("{2150E333-8FDC-42A3-9474-1A3956D46DE8}") = "Ders7", "Ders7", "{DB396E02-EC54-499F-8233-EDE93700D9AC}"
EndProject
Project("{FAE04EC0-301F-11D3-BF4B-00C04F79EFBC}") = "WebApiAngularJs", "WebApiAngularJs\WebApiAngularJs.csproj", "{D49CE681-D1BA-4DD5-AE16-3FE1B73E3F79}"
EndProject
Global
	GlobalSection(SolutionConfigurationPlatforms) = preSolution
		Debug|Any CPU = Debug|Any CPU
		Release|Any CPU = Release|Any CPU
	EndGlobalSection
	GlobalSection(ProjectConfigurationPlatforms) = postSolution
		{1D331CB2-80A7-4E42-BF41-257407ED4675}.Debug|Any CPU.ActiveCfg = Debug|Any CPU
		{1D331CB2-80A7-4E42-BF41-257407ED4675}.Debug|Any CPU.Build.0 = Debug|Any CPU
		{1D331CB2-80A7-4E42-BF41-257407ED4675}.Release|Any CPU.ActiveCfg = Release|Any CPU
		{1D331CB2-80A7-4E42-BF41-257407ED4675}.Release|Any CPU.Build.0 = Release|Any CPU
		{C1EACC4B-C940-42A5-8B4C-2F8EEB211166}.Debug|Any CPU.ActiveCfg = Debug|Any CPU
		{C1EACC4B-C940-42A5-8B4C-2F8EEB211166}.Debug|Any CPU.Build.0 = Debug|Any CPU
		{C1EACC4B-C940-42A5-8B4C-2F8EEB211166}.Release|Any CPU.ActiveCfg = Release|Any CPU
		{C1EACC4B-C940-42A5-8B4C-2F8EEB211166}.Release|Any CPU.Build.0 = Release|Any CPU
		{D461E93B-6BA4-4762-B185-3D3D17C6AF17}.Debug|Any CPU.ActiveCfg = Debug|Any CPU
		{D461E93B-6BA4-4762-B185-3D3D17C6AF17}.Debug|Any CPU.Build.0 = Debug|Any CPU
		{D461E93B-6BA4-4762-B185-3D3D17C6AF17}.Release|Any CPU.ActiveCfg = Release|Any CPU
		{D461E93B-6BA4-4762-B185-3D3D17C6AF17}.Release|Any CPU.Build.0 = Release|Any CPU
		{AAADD814-DBF8-4B45-A8EB-F32E7DF56D6A}.Debug|Any CPU.ActiveCfg = Debug|Any CPU
		{AAADD814-DBF8-4B45-A8EB-F32E7DF56D6A}.Debug|Any CPU.Build.0 = Debug|Any CPU
		{AAADD814-DBF8-4B45-A8EB-F32E7DF56D6A}.Release|Any CPU.ActiveCfg = Release|Any CPU
		{AAADD814-DBF8-4B45-A8EB-F32E7DF56D6A}.Release|Any CPU.Build.0 = Release|Any CPU
		{F9C99A4C-0093-47BF-986D-EBABD6125D5B}.Debug|Any CPU.ActiveCfg = Debug|Any CPU
		{F9C99A4C-0093-47BF-986D-EBABD6125D5B}.Debug|Any CPU.Build.0 = Debug|Any CPU
		{F9C99A4C-0093-47BF-986D-EBABD6125D5B}.Release|Any CPU.ActiveCfg = Release|Any CPU
		{F9C99A4C-0093-47BF-986D-EBABD6125D5B}.Release|Any CPU.Build.0 = Release|Any CPU
		{597EF9DB-E480-4D9F-B2EE-4A3F6B7598C1}.Debug|Any CPU.ActiveCfg = Debug|Any CPU
		{597EF9DB-E480-4D9F-B2EE-4A3F6B7598C1}.Debug|Any CPU.Build.0 = Debug|Any CPU
		{597EF9DB-E480-4D9F-B2EE-4A3F6B7598C1}.Release|Any CPU.ActiveCfg = Release|Any CPU
		{597EF9DB-E480-4D9F-B2EE-4A3F6B7598C1}.Release|Any CPU.Build.0 = Release|Any CPU
		{153A5EEF-55B1-424F-B1D8-D4572CE944FC}.Debug|Any CPU.ActiveCfg = Debug|Any CPU
		{153A5EEF-55B1-424F-B1D8-D4572CE944FC}.Debug|Any CPU.Build.0 = Debug|Any CPU
		{153A5EEF-55B1-424F-B1D8-D4572CE944FC}.Release|Any CPU.ActiveCfg = Release|Any CPU
		{153A5EEF-55B1-424F-B1D8-D4572CE944FC}.Release|Any CPU.Build.0 = Release|Any CPU
		{1EDBF74A-9281-4939-85A1-7B1F6B45CADB}.Debug|Any CPU.ActiveCfg = Debug|Any CPU
		{1EDBF74A-9281-4939-85A1-7B1F6B45CADB}.Debug|Any CPU.Build.0 = Debug|Any CPU
		{1EDBF74A-9281-4939-85A1-7B1F6B45CADB}.Release|Any CPU.ActiveCfg = Release|Any CPU
		{1EDBF74A-9281-4939-85A1-7B1F6B45CADB}.Release|Any CPU.Build.0 = Release|Any CPU
		{21B25E6B-9CE4-48B2-A6E4-577C79F0C228}.Debug|Any CPU.ActiveCfg = Debug|Any CPU
		{21B25E6B-9CE4-48B2-A6E4-577C79F0C228}.Debug|Any CPU.Build.0 = Debug|Any CPU
		{21B25E6B-9CE4-48B2-A6E4-577C79F0C228}.Release|Any CPU.ActiveCfg = Release|Any CPU
		{21B25E6B-9CE4-48B2-A6E4-577C79F0C228}.Release|Any CPU.Build.0 = Release|Any CPU
		{C72BBE90-4ABB-4457-B34C-3ECDF1CAA11F}.Debug|Any CPU.ActiveCfg = Debug|Any CPU
		{C72BBE90-4ABB-4457-B34C-3ECDF1CAA11F}.Debug|Any CPU.Build.0 = Debug|Any CPU
		{C72BBE90-4ABB-4457-B34C-3ECDF1CAA11F}.Release|Any CPU.ActiveCfg = Release|Any CPU
		{C72BBE90-4ABB-4457-B34C-3ECDF1CAA11F}.Release|Any CPU.Build.0 = Release|Any CPU
		{8F332F98-9DE8-45BB-88E5-26821AFA1E5C}.Debug|Any CPU.ActiveCfg = Debug|Any CPU
		{8F332F98-9DE8-45BB-88E5-26821AFA1E5C}.Debug|Any CPU.Build.0 = Debug|Any CPU
		{8F332F98-9DE8-45BB-88E5-26821AFA1E5C}.Release|Any CPU.ActiveCfg = Release|Any CPU
		{8F332F98-9DE8-45BB-88E5-26821AFA1E5C}.Release|Any CPU.Build.0 = Release|Any CPU
		{75FCCB4A-376E-44C8-9D43-31B4066652D6}.Debug|Any CPU.ActiveCfg = Debug|Any CPU
		{75FCCB4A-376E-44C8-9D43-31B4066652D6}.Debug|Any CPU.Build.0 = Debug|Any CPU
		{75FCCB4A-376E-44C8-9D43-31B4066652D6}.Release|Any CPU.ActiveCfg = Release|Any CPU
		{75FCCB4A-376E-44C8-9D43-31B4066652D6}.Release|Any CPU.Build.0 = Release|Any CPU
		{3587FB62-5A18-41E3-8221-FBB657FB9ADE}.Debug|Any CPU.ActiveCfg = Debug|Any CPU
		{3587FB62-5A18-41E3-8221-FBB657FB9ADE}.Debug|Any CPU.Build.0 = Debug|Any CPU
		{3587FB62-5A18-41E3-8221-FBB657FB9ADE}.Release|Any CPU.ActiveCfg = Release|Any CPU
		{3587FB62-5A18-41E3-8221-FBB657FB9ADE}.Release|Any CPU.Build.0 = Release|Any CPU
		{5CD7A83C-34D4-4AE0-BB7E-6E01E43B8D58}.Debug|Any CPU.ActiveCfg = Debug|Any CPU
		{5CD7A83C-34D4-4AE0-BB7E-6E01E43B8D58}.Debug|Any CPU.Build.0 = Debug|Any CPU
		{5CD7A83C-34D4-4AE0-BB7E-6E01E43B8D58}.Release|Any CPU.ActiveCfg = Release|Any CPU
		{5CD7A83C-34D4-4AE0-BB7E-6E01E43B8D58}.Release|Any CPU.Build.0 = Release|Any CPU
		{5FE5E133-99DB-4D1C-B489-D657FF155CCA}.Debug|Any CPU.ActiveCfg = Debug|Any CPU
		{5FE5E133-99DB-4D1C-B489-D657FF155CCA}.Debug|Any CPU.Build.0 = Debug|Any CPU
		{5FE5E133-99DB-4D1C-B489-D657FF155CCA}.Release|Any CPU.ActiveCfg = Release|Any CPU
		{5FE5E133-99DB-4D1C-B489-D657FF155CCA}.Release|Any CPU.Build.0 = Release|Any CPU
		{6613DC9C-6663-4DFA-AEF4-B91E6B71E660}.Debug|Any CPU.ActiveCfg = Debug|Any CPU
		{6613DC9C-6663-4DFA-AEF4-B91E6B71E660}.Debug|Any CPU.Build.0 = Debug|Any CPU
		{6613DC9C-6663-4DFA-AEF4-B91E6B71E660}.Release|Any CPU.ActiveCfg = Release|Any CPU
		{6613DC9C-6663-4DFA-AEF4-B91E6B71E660}.Release|Any CPU.Build.0 = Release|Any CPU
		{40DC1C7C-06A8-406A-B266-6A20D38A3DF3}.Debug|Any CPU.ActiveCfg = Debug|Any CPU
		{40DC1C7C-06A8-406A-B266-6A20D38A3DF3}.Debug|Any CPU.Build.0 = Debug|Any CPU
		{40DC1C7C-06A8-406A-B266-6A20D38A3DF3}.Release|Any CPU.ActiveCfg = Release|Any CPU
		{40DC1C7C-06A8-406A-B266-6A20D38A3DF3}.Release|Any CPU.Build.0 = Release|Any CPU
		{D49CE681-D1BA-4DD5-AE16-3FE1B73E3F79}.Debug|Any CPU.ActiveCfg = Debug|Any CPU
		{D49CE681-D1BA-4DD5-AE16-3FE1B73E3F79}.Debug|Any CPU.Build.0 = Debug|Any CPU
		{D49CE681-D1BA-4DD5-AE16-3FE1B73E3F79}.Release|Any CPU.ActiveCfg = Release|Any CPU
		{D49CE681-D1BA-4DD5-AE16-3FE1B73E3F79}.Release|Any CPU.Build.0 = Release|Any CPU
	EndGlobalSection
	GlobalSection(SolutionProperties) = preSolution
		HideSolutionNode = FALSE
	EndGlobalSection
	GlobalSection(NestedProjects) = preSolution
		{1D331CB2-80A7-4E42-BF41-257407ED4675} = {1C74F0D7-B55F-40E9-B880-3D28B33C76D3}
		{C1EACC4B-C940-42A5-8B4C-2F8EEB211166} = {CD961174-C8DB-4FEB-BEEA-B518A14B4557}
		{D461E93B-6BA4-4762-B185-3D3D17C6AF17} = {06CF1A91-CD9E-418F-ADF1-866336599B3A}
		{AAADD814-DBF8-4B45-A8EB-F32E7DF56D6A} = {06CF1A91-CD9E-418F-ADF1-866336599B3A}
		{C3BCB8EA-6201-4B07-907D-97990A716984} = {0D5712B2-823F-4176-900C-51F8EE01878B}
		{C0E25B0E-AC08-4086-BE6B-E2343061B415} = {0D5712B2-823F-4176-900C-51F8EE01878B}
		{F9C99A4C-0093-47BF-986D-EBABD6125D5B} = {C0E25B0E-AC08-4086-BE6B-E2343061B415}
		{597EF9DB-E480-4D9F-B2EE-4A3F6B7598C1} = {C3BCB8EA-6201-4B07-907D-97990A716984}
		{153A5EEF-55B1-424F-B1D8-D4572CE944FC} = {C3BCB8EA-6201-4B07-907D-97990A716984}
		{1EDBF74A-9281-4939-85A1-7B1F6B45CADB} = {C3BCB8EA-6201-4B07-907D-97990A716984}
		{21B25E6B-9CE4-48B2-A6E4-577C79F0C228} = {C3BCB8EA-6201-4B07-907D-97990A716984}
		{C72BBE90-4ABB-4457-B34C-3ECDF1CAA11F} = {5CC00909-09D5-4E4C-ADB7-718F10D3DEE4}
		{8F332F98-9DE8-45BB-88E5-26821AFA1E5C} = {5CC00909-09D5-4E4C-ADB7-718F10D3DEE4}
		{75FCCB4A-376E-44C8-9D43-31B4066652D6} = {5CC00909-09D5-4E4C-ADB7-718F10D3DEE4}
		{3587FB62-5A18-41E3-8221-FBB657FB9ADE} = {394AF65D-D01C-4406-9998-B73382081E3D}
		{5CD7A83C-34D4-4AE0-BB7E-6E01E43B8D58} = {394AF65D-D01C-4406-9998-B73382081E3D}
		{5FE5E133-99DB-4D1C-B489-D657FF155CCA} = {394AF65D-D01C-4406-9998-B73382081E3D}
		{6613DC9C-6663-4DFA-AEF4-B91E6B71E660} = {394AF65D-D01C-4406-9998-B73382081E3D}
		{40DC1C7C-06A8-406A-B266-6A20D38A3DF3} = {48AC78EE-4139-49EB-A39E-978D268EEBDA}
		{D49CE681-D1BA-4DD5-AE16-3FE1B73E3F79} = {DB396E02-EC54-499F-8233-EDE93700D9AC}
	EndGlobalSection
	GlobalSection(ExtensibilityGlobals) = postSolution
		SolutionGuid = {E6C2550A-4E85-4800-B9B4-9AFB5CF917E8}
	EndGlobalSection
EndGlobal
