
Microsoft Visual Studio Solution File, Format Version 12.00
# Visual Studio 15
VisualStudioVersion = 15.0.28307.271
MinimumVisualStudioVersion = 10.0.40219.1
Project("{FAE04EC0-301F-11D3-BF4B-00C04F79EFBC}") = "IlkMvcSayfam", "IlkMvcSayfam\IlkMvcSayfam.csproj", "{1D331CB2-80A7-4E42-BF41-257407ED4675}"
EndProject
Project("{2150E333-8FDC-42A3-9474-1A3956D46DE8}") = "Ders2", "Ders2", "{CD961174-C8DB-4FEB-BEEA-B518A14B4557}"
EndProject
Project("{FAE04EC0-301F-11D3-BF4B-00C04F79EFBC}") = "AjaxIslemleri", "AjaxIslemleri\AjaxIslemleri.csproj", "{C1EACC4B-C940-42A5-8B4C-2F8EEB211166}"
EndProject
Project("{2150E333-8FDC-42A3-9474-1A3956D46DE8}") = "Ders3", "Ders3", "{06CF1A91-CD9E-418F-ADF1-866336599B3A}"
EndProject
Project("{FAE04EC0-301F-11D3-BF4B-00C04F79EFBC}") = "Layout", "Layout\Layout.csproj", "{D461E93B-6BA4-4762-B185-3D3D17C6AF17}"
EndProject
Project("{2150E333-8FDC-42A3-9474-1A3956D46DE8}") = "Ders1", "Ders1", "{1C74F0D7-B55F-40E9-B880-3D28B33C76D3}"
EndProject
Global
	GlobalSection(SolutionConfigurationPlatforms) = preSolution
		Debug|Any CPU = Debug|Any CPU
		Release|Any CPU = Release|Any CPU
	EndGlobalSection
	GlobalSection(ProjectConfigurationPlatforms) = postSolution
		{1D331CB2-80A7-4E42-BF41-257407ED4675}.Debug|Any CPU.ActiveCfg = Debug|Any CPU
		{1D331CB2-80A7-4E42-BF41-257407ED4675}.Debug|Any CPU.Build.0 = Debug|Any CPU
		{1D331CB2-80A7-4E42-BF41-257407ED4675}.Release|Any CPU.ActiveCfg = Release|Any CPU
		{1D331CB2-80A7-4E42-BF41-257407ED4675}.Release|Any CPU.Build.0 = Release|Any CPU
		{C1EACC4B-C940-42A5-8B4C-2F8EEB211166}.Debug|Any CPU.ActiveCfg = Debug|Any CPU
		{C1EACC4B-C940-42A5-8B4C-2F8EEB211166}.Debug|Any CPU.Build.0 = Debug|Any CPU
		{C1EACC4B-C940-42A5-8B4C-2F8EEB211166}.Release|Any CPU.ActiveCfg = Release|Any CPU
		{C1EACC4B-C940-42A5-8B4C-2F8EEB211166}.Release|Any CPU.Build.0 = Release|Any CPU
		{D461E93B-6BA4-4762-B185-3D3D17C6AF17}.Debug|Any CPU.ActiveCfg = Debug|Any CPU
		{D461E93B-6BA4-4762-B185-3D3D17C6AF17}.Debug|Any CPU.Build.0 = Debug|Any CPU
		{D461E93B-6BA4-4762-B185-3D3D17C6AF17}.Release|Any CPU.ActiveCfg = Release|Any CPU
		{D461E93B-6BA4-4762-B185-3D3D17C6AF17}.Release|Any CPU.Build.0 = Release|Any CPU
	EndGlobalSection
	GlobalSection(SolutionProperties) = preSolution
		HideSolutionNode = FALSE
	EndGlobalSection
	GlobalSection(NestedProjects) = preSolution
		{1D331CB2-80A7-4E42-BF41-257407ED4675} = {1C74F0D7-B55F-40E9-B880-3D28B33C76D3}
		{C1EACC4B-C940-42A5-8B4C-2F8EEB211166} = {CD961174-C8DB-4FEB-BEEA-B518A14B4557}
		{D461E93B-6BA4-4762-B185-3D3D17C6AF17} = {06CF1A91-CD9E-418F-ADF1-866336599B3A}
	EndGlobalSection
	GlobalSection(ExtensibilityGlobals) = postSolution
		SolutionGuid = {E6C2550A-4E85-4800-B9B4-9AFB5CF917E8}
	EndGlobalSection
EndGlobal
